
Microsoft Visual Studio Solution File, Format Version 12.00
# Visual Studio Version 16
VisualStudioVersion = 16.0.30717.126
MinimumVisualStudioVersion = 10.0.40219.1
Project("{FAE04EC0-301F-11D3-BF4B-00C04F79EFBC}") = "match_Percebtage", "match_Percebtage\match_Percebtage.csproj", "{5E2FEDB8-2D23-4B9E-9AEC-9475913142F0}"
EndProject
Global
	GlobalSection(SolutionConfigurationPlatforms) = preSolution
		Debug|Any CPU = Debug|Any CPU
		Release|Any CPU = Release|Any CPU
	EndGlobalSection
	GlobalSection(ProjectConfigurationPlatforms) = postSolution
		{5E2FEDB8-2D23-4B9E-9AEC-9475913142F0}.Debug|Any CPU.ActiveCfg = Debug|Any CPU
		{5E2FEDB8-2D23-4B9E-9AEC-9475913142F0}.Debug|Any CPU.Build.0 = Debug|Any CPU
		{5E2FEDB8-2D23-4B9E-9AEC-9475913142F0}.Release|Any CPU.ActiveCfg = Release|Any CPU
		{5E2FEDB8-2D23-4B9E-9AEC-9475913142F0}.Release|Any CPU.Build.0 = Release|Any CPU
	EndGlobalSection
	GlobalSection(SolutionProperties) = preSolution
		HideSolutionNode = FALSE
	EndGlobalSection
	GlobalSection(ExtensibilityGlobals) = postSolution
		SolutionGuid = {F3B50B7D-DABA-4968-951C-E3EBE0B63968}
	EndGlobalSection
EndGlobal
